Microsoft Visual Studio Solution File, Format Version 12.00
# Visual Studio Version 17
VisualStudioVersion = 17.12.35707.178
MinimumVisualStudioVersion = 10.0.40219.1
Project("{FAE04EC0-301F-11D3-BF4B-00C04F79EFBC}") = "Consumer", "src\Consumer\Consumer.csproj", "{9CCA8D90-6952-42D7-9481-84B9253CC6F9}"
EndProject
Project("{FAE04EC0-301F-11D3-BF4B-00C04F79EFBC}") = "Publisher", "src\Publisher\Publisher.csproj", "{2454EB8E-B917-4F08-995A-13421F9B7890}"
EndProject
Project("{2150E333-8FDC-42A3-9474-1A3956D46DE8}") = "Emulator", "Emulator", "{D7E2D17B-0EBB-4B0E-A130-D9141E57EDF6}"
	ProjectSection(SolutionItems) = preProject
		.env = .env
		Config-schema.json = Config-schema.json
		config.json = config.json
		docker-compose.yaml = docker-compose.yaml
	EndProjectSection
	ProjectSection(FolderGlobals) = preProject
		X_5_4Source_4Learning_4AzServiceBusEmulator_4src_4ServiceBusEmulator_4config_1json__JsonSchema = ..\..\Config-schema.json
	EndProjectSection
EndProject
Project("{2150E333-8FDC-42A3-9474-1A3956D46DE8}") = "Solution Files", "Solution Files", "{86C3EED1-E191-4CFA-81BD-FA03A7D299B2}"
	ProjectSection(SolutionItems) = preProject
		.gitattributes = .gitattributes
		.gitignore = .gitignore
		LICENSE.txt = LICENSE.txt
		README.md = README.md
	EndProjectSection
EndProject
Global
	GlobalSection(SolutionConfigurationPlatforms) = preSolution
		Debug|Any CPU = Debug|Any CPU
		Release|Any CPU = Release|Any CPU
	EndGlobalSection
	GlobalSection(ProjectConfigurationPlatforms) = postSolution
		{9CCA8D90-6952-42D7-9481-84B9253CC6F9}.Debug|Any CPU.ActiveCfg = Debug|Any CPU
		{9CCA8D90-6952-42D7-9481-84B9253CC6F9}.Debug|Any CPU.Build.0 = Debug|Any CPU
		{9CCA8D90-6952-42D7-9481-84B9253CC6F9}.Release|Any CPU.ActiveCfg = Release|Any CPU
		{9CCA8D90-6952-42D7-9481-84B9253CC6F9}.Release|Any CPU.Build.0 = Release|Any CPU
		{2454EB8E-B917-4F08-995A-13421F9B7890}.Debug|Any CPU.ActiveCfg = Debug|Any CPU
		{2454EB8E-B917-4F08-995A-13421F9B7890}.Debug|Any CPU.Build.0 = Debug|Any CPU
		{2454EB8E-B917-4F08-995A-13421F9B7890}.Release|Any CPU.ActiveCfg = Release|Any CPU
		{2454EB8E-B917-4F08-995A-13421F9B7890}.Release|Any CPU.Build.0 = Release|Any CPU
	EndGlobalSection
	GlobalSection(SolutionProperties) = preSolution
		HideSolutionNode = FALSE
	EndGlobalSection
EndGlobal
